
Microsoft Visual Studio Solution File, Format Version 12.00
# Visual Studio Version 17
VisualStudioVersion = 17.1.32228.430
MinimumVisualStudioVersion = 10.0.40219.1
Project("{FAE04EC0-301F-11D3-BF4B-00C04F79EFBC}") = "Calculadora basica1", "Calculadora basica1\Calculadora basica1.csproj", "{C13D2B39-0C3C-46E0-9CE3-701BCBCB8B73}"
EndProject
Project("{FAE04EC0-301F-11D3-BF4B-00C04F79EFBC}") = "ConsoleApp1", "ConsoleApp1\ConsoleApp1.csproj", "{B184E3F8-D496-4F8F-9D8B-7BDA06856DFF}"
EndProject
Project("{FAE04EC0-301F-11D3-BF4B-00C04F79EFBC}") = "ConsoleApp2", "ConsoleApp2\ConsoleApp2.csproj", "{5C1BE8E3-990D-4871-850A-E36B401157EC}"
EndProject
Global
	GlobalSection(SolutionConfigurationPlatforms) = preSolution
		Debug|Any CPU = Debug|Any CPU
		Release|Any CPU = Release|Any CPU
	EndGlobalSection
	GlobalSection(ProjectConfigurationPlatforms) = postSolution
		{C13D2B39-0C3C-46E0-9CE3-701BCBCB8B73}.Debug|Any CPU.ActiveCfg = Debug|Any CPU
		{C13D2B39-0C3C-46E0-9CE3-701BCBCB8B73}.Debug|Any CPU.Build.0 = Debug|Any CPU
		{C13D2B39-0C3C-46E0-9CE3-701BCBCB8B73}.Release|Any CPU.ActiveCfg = Release|Any CPU
		{C13D2B39-0C3C-46E0-9CE3-701BCBCB8B73}.Release|Any CPU.Build.0 = Release|Any CPU
		{B184E3F8-D496-4F8F-9D8B-7BDA06856DFF}.Debug|Any CPU.ActiveCfg = Debug|Any CPU
		{B184E3F8-D496-4F8F-9D8B-7BDA06856DFF}.Debug|Any CPU.Build.0 = Debug|Any CPU
		{B184E3F8-D496-4F8F-9D8B-7BDA06856DFF}.Release|Any CPU.ActiveCfg = Release|Any CPU
		{B184E3F8-D496-4F8F-9D8B-7BDA06856DFF}.Release|Any CPU.Build.0 = Release|Any CPU
		{5C1BE8E3-990D-4871-850A-E36B401157EC}.Debug|Any CPU.ActiveCfg = Debug|Any CPU
		{5C1BE8E3-990D-4871-850A-E36B401157EC}.Debug|Any CPU.Build.0 = Debug|Any CPU
		{5C1BE8E3-990D-4871-850A-E36B401157EC}.Release|Any CPU.ActiveCfg = Release|Any CPU
		{5C1BE8E3-990D-4871-850A-E36B401157EC}.Release|Any CPU.Build.0 = Release|Any CPU
	EndGlobalSection
	GlobalSection(SolutionProperties) = preSolution
		HideSolutionNode = FALSE
	EndGlobalSection
	GlobalSection(ExtensibilityGlobals) = postSolution
		SolutionGuid = {A8542FF2-5C13-4112-8AA1-827D5FDCDA04}
	EndGlobalSection
EndGlobal
